# DO NOT EDIT MANUALLY - Managed by Fern Replay
version: "1.0"
generations:
  - commit_sha: 62849e8e60e4b4c5366b77c0212e95afe97d2221
    tree_hash: 190ac24889ba2f17f7da947ef018740eb41e214a
    timestamp: 2026-06-30T13:18:10.402Z
    cli_version: unknown
    generator_versions: {}
current_generation: 62849e8e60e4b4c5366b77c0212e95afe97d2221
patches: []
