# DO NOT EDIT MANUALLY - Managed by Fern Replay
version: "1.0"
generations:
  - commit_sha: 62849e8e60e4b4c5366b77c0212e95afe97d2221
    tree_hash: 190ac24889ba2f17f7da947ef018740eb41e214a
    timestamp: 2026-06-30T13:18:10.402Z
    cli_version: unknown
    generator_versions: {}
  - commit_sha: 90deb88ccfa426d745d0d6f8d18c89cc9b1d3439
    tree_hash: 43a0a1e2615a6a35e28750db66c92c7f4e480e13
    timestamp: 2026-07-13T09:04:32.420Z
    cli_version: unknown
    generator_versions:
      fernapi/fern-go-sdk: 1.47.2
  - commit_sha: 5765bba83bdd8adb8d78ea8cdfc960aba2b83fc6
    tree_hash: 203ac230edea1bc3b8bf2368cf4219e14a5114c2
    timestamp: 2026-07-19T15:26:08.815Z
    cli_version: unknown
    generator_versions:
      fernapi/fern-go-sdk: 1.49.7
current_generation: 5765bba83bdd8adb8d78ea8cdfc960aba2b83fc6
patches: []
